
Microsoft Visual Studio Solution File, Format Version 12.00
# Visual Studio Version 17
VisualStudioVersion = 17.1.32113.165
MinimumVisualStudioVersion = 10.0.40219.1
Project("{9A19103F-16F7-4668-BE54-9A1E7A4F7556}") = "At.Mausa.Grasmaster.Frontend", "At.Mausa.Grasmaster.Frontend.csproj", "{B3B39DEB-E44D-43A4-AA9A-B89D07526878}"
EndProject
Project("{9A19103F-16F7-4668-BE54-9A1E7A4F7556}") = "At.Mausa.Grasmaster.Domain", "..\at.mausa.grasmaster.domain\At.Mausa.Grasmaster.Domain.csproj", "{D89751D3-C5FC-46CE-BD4C-21095598CFDF}"
EndProject
Project("{9A19103F-16F7-4668-BE54-9A1E7A4F7556}") = "At.Mausa.Grasmaster.Infrastructure", "..\at.mausa.grasmaster.infrastructure\At.Mausa.Grasmaster.Infrastructure.csproj", "{3BC696A0-CD1F-4751-AF17-0381DDA76453}"
EndProject
Project("{FAE04EC0-301F-11D3-BF4B-00C04F79EFBC}") = "At.Mausa.Grasmaster.Test", "..\At.Mausa.Grasmaster.Test\At.Mausa.Grasmaster.Test.csproj", "{EBB168BA-1BC6-48E0-B677-153F7505912C}"
EndProject
Global
	GlobalSection(SolutionConfigurationPlatforms) = preSolution
		Debug|Any CPU = Debug|Any CPU
		Release|Any CPU = Release|Any CPU
	EndGlobalSection
	GlobalSection(ProjectConfigurationPlatforms) = postSolution
		{B3B39DEB-E44D-43A4-AA9A-B89D07526878}.Debug|Any CPU.ActiveCfg = Debug|Any CPU
		{B3B39DEB-E44D-43A4-AA9A-B89D07526878}.Debug|Any CPU.Build.0 = Debug|Any CPU
		{B3B39DEB-E44D-43A4-AA9A-B89D07526878}.Release|Any CPU.ActiveCfg = Release|Any CPU
		{B3B39DEB-E44D-43A4-AA9A-B89D07526878}.Release|Any CPU.Build.0 = Release|Any CPU
		{D89751D3-C5FC-46CE-BD4C-21095598CFDF}.Debug|Any CPU.ActiveCfg = Debug|Any CPU
		{D89751D3-C5FC-46CE-BD4C-21095598CFDF}.Debug|Any CPU.Build.0 = Debug|Any CPU
		{D89751D3-C5FC-46CE-BD4C-21095598CFDF}.Release|Any CPU.ActiveCfg = Release|Any CPU
		{D89751D3-C5FC-46CE-BD4C-21095598CFDF}.Release|Any CPU.Build.0 = Release|Any CPU
		{3BC696A0-CD1F-4751-AF17-0381DDA76453}.Debug|Any CPU.ActiveCfg = Debug|Any CPU
		{3BC696A0-CD1F-4751-AF17-0381DDA76453}.Debug|Any CPU.Build.0 = Debug|Any CPU
		{3BC696A0-CD1F-4751-AF17-0381DDA76453}.Release|Any CPU.ActiveCfg = Release|Any CPU
		{3BC696A0-CD1F-4751-AF17-0381DDA76453}.Release|Any CPU.Build.0 = Release|Any CPU
		{EBB168BA-1BC6-48E0-B677-153F7505912C}.Debug|Any CPU.ActiveCfg = Debug|Any CPU
		{EBB168BA-1BC6-48E0-B677-153F7505912C}.Debug|Any CPU.Build.0 = Debug|Any CPU
		{EBB168BA-1BC6-48E0-B677-153F7505912C}.Release|Any CPU.ActiveCfg = Release|Any CPU
		{EBB168BA-1BC6-48E0-B677-153F7505912C}.Release|Any CPU.Build.0 = Release|Any CPU
	EndGlobalSection
	GlobalSection(SolutionProperties) = preSolution
		HideSolutionNode = FALSE
	EndGlobalSection
	GlobalSection(ExtensibilityGlobals) = postSolution
		SolutionGuid = {0EA37611-6043-4A98-AEA8-26A61A9FF41C}
	EndGlobalSection
EndGlobal
